
Microsoft Visual Studio Solution File, Format Version 12.00
# Visual Studio Version 17
VisualStudioVersion = 17.10.35027.167
MinimumVisualStudioVersion = 10.0.40219.1
Project("{9A19103F-16F7-4668-BE54-9A1E7A4F7556}") = "BurgerStoreAPI", "BurgerStoreAPI\BurgerStoreAPI.csproj", "{E37FF436-724F-4C3D-BBDE-BAA72055111C}"
EndProject
Global
	GlobalSection(SolutionConfigurationPlatforms) = preSolution
		Debug|Any CPU = Debug|Any CPU
		Release|Any CPU = Release|Any CPU
	EndGlobalSection
	GlobalSection(ProjectConfigurationPlatforms) = postSolution
		{E37FF436-724F-4C3D-BBDE-BAA72055111C}.Debug|Any CPU.ActiveCfg = Debug|Any CPU
		{E37FF436-724F-4C3D-BBDE-BAA72055111C}.Debug|Any CPU.Build.0 = Debug|Any CPU
		{E37FF436-724F-4C3D-BBDE-BAA72055111C}.Release|Any CPU.ActiveCfg = Release|Any CPU
		{E37FF436-724F-4C3D-BBDE-BAA72055111C}.Release|Any CPU.Build.0 = Release|Any CPU
	EndGlobalSection
	GlobalSection(SolutionProperties) = preSolution
		HideSolutionNode = FALSE
	EndGlobalSection
	GlobalSection(ExtensibilityGlobals) = postSolution
		SolutionGuid = {9146EAC9-54CC-4923-BE4A-2A3D3B8A2D68}
	EndGlobalSection
EndGlobal
